github.com/ahmetb/govvv v0.2.0 h1:3rzpWlytDIDQfL64/Kbjs88tNJltY9E8sk1tNju6FAU=
github.com/ahmetb/govvv v0.2.0/go.mod h1:4WRFpdWtc/YtKgPFwa1dr5+9hiRY5uKAL08bOlxOR6s=
github.com/akamensky/argparse v0.0.0-20191006154803-1427fe674291 h1:EQ9p1v9+urDzbGQfAcBf9fGuDtYqFNE7YJHZ54TWPTk=
github.com/akamensky/argparse v0.0.0-20191006154803-1427fe674291/go.mod h1:pdh+2piXurh466J9tqIqq39/9GO2Y8nZt6Cxzu18T9A=
github.com/coreos/go-systemd v0.0.0-20190321100706-95778dfbb74e/go.mod h1:F5haX7vjVVG0kc13fIWeqUViNPyEJxv/OmvnBo0Yme4=
github.com/gempir/go-twitch-irc v1.1.0 h1:Q9gQGI/3yJzYwlYDlFsGJzWfpaqubMExfmBXNpOC6W0=
github.com/gempir/go-twitch-irc v1.1.0/go.mod h1:Pc661rsUSmkQXvI9W2bNyLt4ZrMAgHZPnVwMQEJ0fdo=
github.com/gempir/go-twitch-irc/v2 v2.2.0 h1:9iYRr/PkT5tqnD9J0awBXtwS4R4DatA5cMQbsua6OvM=
github.com/gempir/go-twitch-irc/v2 v2.2.0/go.mod h1:0HXoEr9l7gNjwajosptV0w0xGpHeU6gsD7JDlfvjTYI=
github.com/pkg/errors v0.8.1/go.mod h1:bwawxfHBFNV+L2hUp1rHADufV3IMtnDRdf1r5NINEl0=
github.com/rs/xid v1.2.1/go.mod h1:+uKXf+4Djp6Md1KODXJxgGQPKngRmWyn10oCKFzNHOQ=
github.com/rs/zerolog v1.15.0 h1:uPRuwkWF4J6fGsJ2R0Gn2jB1EQiav9k3S6CSdygQJXY=
github.com/rs/zerolog v1.15.0/go.mod h1:xYTKnLHcpfU2225ny5qZjxnj9NvkumZYjJHlAThCjNc=
github.com/spf13/pflag v1.0.5 h1:iy+VFUOCP1a+8yFto/drg2CJ5u0yRoB7fZw3DKv/JXA=
github.com/spf13/pflag v1.0.5/go.mod h1:McXfInJRrz4CZXVZOBLb0bTZqETkiAhM9Iw0y3An2Bg=
github.com/zenazn/goji v0.9.0/go.mod h1:7S9M489iMyHBNxwZnk9/EHS098H4/F6TATF2mIxtB1Q=
golang.org/x/crypto v0.0.0-20190308221718-c2843e01d9a2/go.mod h1:djNgcEr1/C05ACkg1iLfiJU5Ep61QUkGW8qpdssI0+w=
golang.org/x/net v0.0.0-20190311183353-d8887717615a/go.mod h1:t9HGtf8HONx5eT2rtn7q6eTqICYqUVnKs3thJo3Qplg=
golang.org/x/sync v0.0.0-20190423024810-112230192c58/go.mod h1:RxMgew5VJxzue5/jJTE5uejpjVlOe/izrB70Jof72aM=
golang.org/x/sys v0.0.0-20190215142949-d0b11bdaac8a/go.mod h1:STP8DvDyc/dI5b8T5hshtkjS+E42TnysNCUPdjciGhY=
golang.org/x/text v0.3.0/go.mod h1:NqM8EUOU14njkJ3fqMW+pc6Ldnwhi/IjpwHt7yyuwOQ=
golang.org/x/tools v0.0.0-20190425163242-31fd60d6bfdc/go.mod h1:RgjU9mgBXZiqYHBnxXauZ1Gv1EHHAz9KjViQ78xBX0Q=
